// !$*UTF8*$!
{
	archiveVersion = 1;
	classes = {
	};
	objectVersion = 46;
	objects = {

/* Begin PBXBuildFile section */
		982FA0221E7E0F0D0049BD69 /* AppDelegate.swift in Sources */ = {isa = PBXBuildFile; fileRef = 982FA0211E7E0F0D0049BD69 /* AppDelegate.swift */; };
		982FA0241E7E0F0D0049BD69 /* InfoVC.swift in Sources */ = {isa = PBXBuildFile; fileRef = 982FA0231E7E0F0D0049BD69 /* InfoVC.swift */; };
		982FA0261E7E0F0D0049BD69 /* HospitalsVC.swift in Sources */ = {isa = PBXBuildFile; fileRef = 982FA0251E7E0F0D0049BD69 /* HospitalsVC.swift */; };
		982FA0291E7E0F0D0049BD69 /* Main.storyboard in Resources */ = {isa = PBXBuildFile; fileRef = 982FA0271E7E0F0D0049BD69 /* Main.storyboard */; };
		982FA02B1E7E0F0D0049BD69 /* Assets.xcassets in Resources */ = {isa = PBXBuildFile; fileRef = 982FA02A1E7E0F0D0049BD69 /* Assets.xcassets */; };
		982FA02E1E7E0F0D0049BD69 /* LaunchScreen.storyboard in Resources */ = {isa = PBXBuildFile; fileRef = 982FA02C1E7E0F0D0049BD69 /* LaunchScreen.storyboard */; };
		982FA0381E7E17760049BD69 /* PhoneNumVC.swift in Sources */ = {isa = PBXBuildFile; fileRef = 982FA0371E7E17760049BD69 /* PhoneNumVC.swift */; };
		982FA03A1E7E19170049BD69 /* MedsVC.swift in Sources */ = {isa = PBXBuildFile; fileRef = 982FA0391E7E19170049BD69 /* MedsVC.swift */; };
/* End PBXBuildFile section */

/* Begin PBXFileReference section */
		982FA01E1E7E0F0D0049BD69 /* MediKit.app */ = {isa = PBXFileReference; explicitFileType = wrapper.application; includeInIndex = 0; path = MediKit.app; sourceTree = BUILT_PRODUCTS_DIR; };
		982FA0211E7E0F0D0049BD69 /* AppDelegate.swift */ = {isa = PBXFileReference; lastKnownFileType = sourcecode.swift; path = AppDelegate.swift; sourceTree = "<group>"; };
		982FA0231E7E0F0D0049BD69 /* InfoVC.swift */ = {isa = PBXFileReference; lastKnownFileType = sourcecode.swift; path = InfoVC.swift; sourceTree = "<group>"; };
		982FA0251E7E0F0D0049BD69 /* HospitalsVC.swift */ = {isa = PBXFileReference; lastKnownFileType = sourcecode.swift; path = HospitalsVC.swift; sourceTree = "<group>"; };
		982FA0281E7E0F0D0049BD69 /* Base */ = {isa = PBXFileReference; lastKnownFileType = file.storyboard; name = Base; path = Base.lproj/Main.storyboard; sourceTree = "<group>"; };
		982FA02A1E7E0F0D0049BD69 /* Assets.xcassets */ = {isa = PBXFileReference; lastKnownFileType = folder.assetcatalog; path = Assets.xcassets; sourceTree = "<group>"; };
		982FA02D1E7E0F0D0049BD69 /* Base */ = {isa = PBXFileReference; lastKnownFileType = file.storyboard; name = Base; path = Base.lproj/LaunchScreen.storyboard; sourceTree = "<group>"; };
		982FA02F1E7E0F0D0049BD69 /* Info.plist */ = {isa = PBXFileReference; lastKnownFileType = text.plist.xml; path = Info.plist; sourceTree = "<group>"; };
		982FA0371E7E17760049BD69 /* PhoneNumVC.swift */ = {isa = PBXFileReference; fileEncoding = 4; lastKnownFileType = sourcecode.swift; name = PhoneNumVC.swift; path = ../PhoneNumVC.swift; sourceTree = "<group>"; };
		982FA0391E7E19170049BD69 /* MedsVC.swift */ = {isa = PBXFileReference; fileEncoding = 4; lastKnownFileType = sourcecode.swift; path = MedsVC.swift; sourceTree = "<group>"; };
/* End PBXFileReference section */

/* Begin PBXFrameworksBuildPhase section */
		982FA01B1E7E0F0D0049BD69 /* Frameworks */ = {
			isa = PBXFrameworksBuildPhase;
			buildActionMask = 2147483647;
			files = (
			);
			runOnlyForDeploymentPostprocessing = 0;
		};
/* End PBXFrameworksBuildPhase section */

/* Begin PBXGroup section */
		982FA0151E7E0F0D0049BD69 = {
			isa = PBXGroup;
			children = (
				982FA0201E7E0F0D0049BD69 /* MediKit */,
				982FA01F1E7E0F0D0049BD69 /* Products */,
			);
			sourceTree = "<group>";
		};
		982FA01F1E7E0F0D0049BD69 /* Products */ = {
			isa = PBXGroup;
			children = (
				982FA01E1E7E0F0D0049BD69 /* MediKit.app */,
			);
			name = Products;
			sourceTree = "<group>";
		};
		982FA0201E7E0F0D0049BD69 /* MediKit */ = {
			isa = PBXGroup;
			children = (
				982FA0211E7E0F0D0049BD69 /* AppDelegate.swift */,
				982FA0231E7E0F0D0049BD69 /* InfoVC.swift */,
				982FA0251E7E0F0D0049BD69 /* HospitalsVC.swift */,
				982FA0371E7E17760049BD69 /* PhoneNumVC.swift */,
				982FA0391E7E19170049BD69 /* MedsVC.swift */,
				982FA0271E7E0F0D0049BD69 /* Main.storyboard */,
				982FA02A1E7E0F0D0049BD69 /* Assets.xcassets */,
				982FA02C1E7E0F0D0049BD69 /* LaunchScreen.storyboard */,
				982FA02F1E7E0F0D0049BD69 /* Info.plist */,
			);
			path = MediKit;
			sourceTree = "<group>";
		};
/* End PBXGroup section */

/* Begin PBXNativeTarget section */
		982FA01D1E7E0F0D0049BD69 /* MediKit */ = {
			isa = PBXNativeTarget;
			buildConfigurationList = 982FA0321E7E0F0D0049BD69 /* Build configuration list for PBXNativeTarget "MediKit" */;
			buildPhases = (
				982FA01A1E7E0F0D0049BD69 /* Sources */,
				982FA01B1E7E0F0D0049BD69 /* Frameworks */,
				982FA01C1E7E0F0D0049BD69 /* Resources */,
			);
			buildRules = (
			);
			dependencies = (
			);
			name = MediKit;
			productName = MediKit;
			productReference = 982FA01E1E7E0F0D0049BD69 /* MediKit.app */;
			productType = "com.apple.product-type.application";
		};
/* End PBXNativeTarget section */

/* Begin PBXProject section */
		982FA0161E7E0F0D0049BD69 /* Project object */ = {
			isa = PBXProject;
			attributes = {
				LastSwiftUpdateCheck = 0820;
				LastUpgradeCheck = 0820;
				ORGANIZATIONNAME = "Victor Elizalde";
				TargetAttributes = {
					982FA01D1E7E0F0D0049BD69 = {
						CreatedOnToolsVersion = 8.2.1;
						DevelopmentTeam = Y7K59L5GA9;
						ProvisioningStyle = Automatic;
					};
				};
			};
			buildConfigurationList = 982FA0191E7E0F0D0049BD69 /* Build configuration list for PBXProject "MediKit" */;
			compatibilityVersion = "Xcode 3.2";
			developmentRegion = English;
			hasScannedForEncodings = 0;
			knownRegions = (
				en,
				Base,
			);
			mainGroup = 982FA0151E7E0F0D0049BD69;
			productRefGroup = 982FA01F1E7E0F0D0049BD69 /* Products */;
			projectDirPath = "";
			projectRoot = "";
			targets = (
				982FA01D1E7E0F0D0049BD69 /* MediKit */,
			);
		};
/* End PBXProject section */

/* Begin PBXResourcesBuildPhase section */
		982FA01C1E7E0F0D0049BD69 /* Resources */ = {
			isa = PBXResourcesBuildPhase;
			buildActionMask = 2147483647;
			files = (
				982FA02E1E7E0F0D0049BD69 /* LaunchScreen.storyboard in Resources */,
				982FA02B1E7E0F0D0049BD69 /* Assets.xcassets in Resources */,
				982FA0291E7E0F0D0049BD69 /* Main.storyboard in Resources */,
			);
			runOnlyForDeploymentPostprocessing = 0;
		};
/* End PBXResourcesBuildPhase section */

/* Begin PBXSourcesBuildPhase section */
		982FA01A1E7E0F0D0049BD69 /* Sources */ = {
			isa = PBXSourcesBuildPhase;
			buildActionMask = 2147483647;
			files = (
				982FA0261E7E0F0D0049BD69 /* HospitalsVC.swift in Sources */,
				982FA0221E7E0F0D0049BD69 /* AppDelegate.swift in Sources */,
				982FA03A1E7E19170049BD69 /* MedsVC.swift in Sources */,
				982FA0381E7E17760049BD69 /* PhoneNumVC.swift in Sources */,
				982FA0241E7E0F0D0049BD69 /* InfoVC.swift in Sources */,
			);
			runOnlyForDeploymentPostprocessing = 0;
		};
/* End PBXSourcesBuildPhase section */

/* Begin PBXVariantGroup section */
		982FA0271E7E0F0D0049BD69 /* Main.storyboard */ = {
			isa = PBXVariantGroup;
			children = (
				982FA0281E7E0F0D0049BD69 /* Base */,
			);
			name = Main.storyboard;
			sourceTree = "<group>";
		};
		982FA02C1E7E0F0D0049BD69 /* LaunchScreen.storyboard */ = {
			isa = PBXVariantGroup;
			children = (
				982FA02D1E7E0F0D0049BD69 /* Base */,
			);
			name = LaunchScreen.storyboard;
			sourceTree = "<group>";
		};
/* End PBXVariantGroup section */

/* Begin XCBuildConfiguration section */
		982FA0301E7E0F0D0049BD69 /* Debug */ = {
			isa = XCBuildConfiguration;
			buildSettings = {
				ALWAYS_SEARCH_USER_PATHS = NO;
				CLANG_ANALYZER_NONNULL = YES;
				CLANG_CXX_LANGUAGE_STANDARD = "gnu++0x";
				CLANG_CXX_LIBRARY = "libc++";
				CLANG_ENABLE_MODULES = YES;
				CLANG_ENABLE_OBJC_ARC = YES;
				CLANG_WARN_BOOL_CONVERSION = YES;
				CLANG_WARN_CONSTANT_CONVERSION = YES;
				CLANG_WARN_DIRECT_OBJC_ISA_USAGE = YES_ERROR;
				CLANG_WARN_DOCUMENTATION_COMMENTS = YES;
				CLANG_WARN_EMPTY_BODY = YES;
				CLANG_WARN_ENUM_CONVERSION = YES;
				CLANG_WARN_INFINITE_RECURSION = YES;
				CLANG_WARN_INT_CONVERSION = YES;
				CLANG_WARN_OBJC_ROOT_CLASS = YES_ERROR;
				CLANG_WARN_SUSPICIOUS_MOVE = YES;
				CLANG_WARN_UNREACHABLE_CODE = YES;
				CLANG_WARN__DUPLICATE_METHOD_MATCH = YES;
				"CODE_SIGN_IDENTITY[sdk=iphoneos*]" = "iPhone Developer";
				COPY_PHASE_STRIP = NO;
				DEBUG_INFORMATION_FORMAT = dwarf;
				ENABLE_STRICT_OBJC_MSGSEND = YES;
				ENABLE_TESTABILITY = YES;
				GCC_C_LANGUAGE_STANDARD = gnu99;
				GCC_DYNAMIC_NO_PIC = NO;
				GCC_NO_COMMON_BLOCKS = YES;
				GCC_OPTIMIZATION_LEVEL = 0;
				GCC_PREPROCESSOR_DEFINITIONS = (
					"DEBUG=1",
					"$(inherited)",
				);
				GCC_WARN_64_TO_32_BIT_CONVERSION = YES;
				GCC_WARN_ABOUT_RETURN_TYPE = YES_ERROR;
				GCC_WARN_UNDECLARED_SELECTOR = YES;
				GCC_WARN_UNINITIALIZED_AUTOS = YES_AGGRESSIVE;
				GCC_WARN_UNUSED_FUNCTION = YES;
				GCC_WARN_UNUSED_VARIABLE = YES;
				IPHONEOS_DEPLOYMENT_TARGET = 10.2;
				MTL_ENABLE_DEBUG_INFO = YES;
				ONLY_ACTIVE_ARCH = YES;
				SDKROOT = iphoneos;
				SWIFT_ACTIVE_COMPILATION_CONDITIONS = DEBUG;
				SWIFT_OPTIMIZATION_LEVEL = "-Onone";
			};
			name = Debug;
		};
		982FA0311E7E0F0D0049BD69 /* Release */ = {
			isa = XCBuildConfiguration;
			buildSettings = {
				ALWAYS_SEARCH_USER_PATHS = NO;
				CLANG_ANALYZER_NONNULL = YES;
				CLANG_CXX_LANGUAGE_STANDARD = "gnu++0x";
				CLANG_CXX_LIBRARY = "libc++";
				CLANG_ENABLE_MODULES = YES;
				CLANG_ENABLE_OBJC_ARC = YES;
				CLANG_WARN_BOOL_CONVERSION = YES;
				CLANG_WARN_CONSTANT_CONVERSION = YES;
				CLANG_WARN_DIRECT_OBJC_ISA_USAGE = YES_ERROR;
				CLANG_WARN_DOCUMENTATION_COMMENTS = YES;
				CLANG_WARN_EMPTY_BODY = YES;
				CLANG_WARN_ENUM_CONVERSION = YES;
				CLANG_WARN_INFINITE_RECURSION = YES;
				CLANG_WARN_INT_CONVERSION = YES;
				CLANG_WARN_OBJC_ROOT_CLASS = YES_ERROR;
				CLANG_WARN_SUSPICIOUS_MOVE = YES;
				CLANG_WARN_UNREACHABLE_CODE = YES;
				CLANG_WARN__DUPLICATE_METHOD_MATCH = YES;
				"CODE_SIGN_IDENTITY[sdk=iphoneos*]" = "iPhone Developer";
				COPY_PHASE_STRIP = NO;
				DEBUG_INFORMATION_FORMAT = "dwarf-with-dsym";
				ENABLE_NS_ASSERTIONS = NO;
				ENABLE_STRICT_OBJC_MSGSEND = YES;
				GCC_C_LANGUAGE_STANDARD = gnu99;
				GCC_NO_COMMON_BLOCKS = YES;
				GCC_WARN_64_TO_32_BIT_CONVERSION = YES;
				GCC_WARN_ABOUT_RETURN_TYPE = YES_ERROR;
				GCC_WARN_UNDECLARED_SELECTOR = YES;
				GCC_WARN_UNINITIALIZED_AUTOS = YES_AGGRESSIVE;
				GCC_WARN_UNUSED_FUNCTION = YES;
				GCC_WARN_UNUSED_VARIABLE = YES;
				IPHONEOS_DEPLOYMENT_TARGET = 10.2;
				MTL_ENABLE_DEBUG_INFO = NO;
				SDKROOT = iphoneos;
				SWIFT_OPTIMIZATION_LEVEL = "-Owholemodule";
				VALIDATE_PRODUCT = YES;
			};
			name = Release;
		};
		982FA0331E7E0F0D0049BD69 /* Debug */ = {
			isa = XCBuildConfiguration;
			buildSettings = {
				ASSETCATALOG_COMPILER_APPICON_NAME = AppIcon;
				DEVELOPMENT_TEAM = Y7K59L5GA9;
				INFOPLIST_FILE = MediKit/Info.plist;
				LD_RUNPATH_SEARCH_PATHS = "$(inherited) @executable_path/Frameworks";
				PRODUCT_BUNDLE_IDENTIFIER = victorelizalde.MediKit;
				PRODUCT_NAME = "$(TARGET_NAME)";
				SWIFT_VERSION = 3.0;
			};
			name = Debug;
		};
		982FA0341E7E0F0D0049BD69 /* Release */ = {
			isa = XCBuildConfiguration;
			buildSettings = {
				ASSETCATALOG_COMPILER_APPICON_NAME = AppIcon;
				DEVELOPMENT_TEAM = Y7K59L5GA9;
				INFOPLIST_FILE = MediKit/Info.plist;
				LD_RUNPATH_SEARCH_PATHS = "$(inherited) @executable_path/Frameworks";
				PRODUCT_BUNDLE_IDENTIFIER = victorelizalde.MediKit;
				PRODUCT_NAME = "$(TARGET_NAME)";
				SWIFT_VERSION = 3.0;
			};
			name = Release;
		};
/* End XCBuildConfiguration section */

/* Begin XCConfigurationList section */
		982FA0191E7E0F0D0049BD69 /* Build configuration list for PBXProject "MediKit" */ = {
			isa = XCConfigurationList;
			buildConfigurations = (
				982FA0301E7E0F0D0049BD69 /* Debug */,
				982FA0311E7E0F0D0049BD69 /* Release */,
			);
			defaultConfigurationIsVisible = 0;
			defaultConfigurationName = Release;
		};
		982FA0321E7E0F0D0049BD69 /* Build configuration list for PBXNativeTarget "MediKit" */ = {
			isa = XCConfigurationList;
			buildConfigurations = (
				982FA0331E7E0F0D0049BD69 /* Debug */,
				982FA0341E7E0F0D0049BD69 /* Release */,
			);
			defaultConfigurationIsVisible = 0;
		};
/* End XCConfigurationList section */
	};
	rootObject = 982FA0161E7E0F0D0049BD69 /* Project object */;
}
